{
  "name": "my-automation-project",
  "version": "1.0.0",
  "lockfileVersion": 3,
  "requires": true,
  "packages": {
    "": {
      "name": "my-automation-project",
      "version": "1.0.0",
      "dependencies": {
        "bobtester": "file:../framework"
      }
    },
    "../framework": {
      "name": "bobtester",
      "version": "1.0.0",
      "license": "ISC",
      "dependencies": {
        "dotenv": "^16.4.7",
        "playwright": "^1.50.0",
        "xlsx": "^0.18.5"
      },
      "bin": {
        "bob": "dist/cli.js",
        "bobtester": "dist/cli.js"
      },
      "devDependencies": {
        "@types/node": "^20.17.19",
        "typescript": "^5.7.3"
      }
    },
    "node_modules/bobtester": {
      "resolved": "../framework",
      "link": true
    }
  }
}
